# THIS IS AN AUTOGENERATED FILE. DO NOT EDIT THIS FILE DIRECTLY.
# yarn lockfile v1


"@babel/code-frame@^7.12.13":
  version "7.14.5"
  resolved "https://registry.yarnpkg.com/@babel/code-frame/-/code-frame-7.14.5.tgz#23b08d740e83f49c5e59945fbf1b43e80bbf4edb"
  integrity sha512-9pzDqyc6OLDaqe+zbACgFkb6fKMNG6CObKpnYXChRsvYGyEdc7CA2BaqeOM+vOtCS5ndmJicPJhKAwYRI6UfFw==
  dependencies:
    "@babel/highlight" "^7.14.5"

"@babel/helper-validator-identifier@^7.14.5":
  version "7.14.5"
  resolved "https://registry.yarnpkg.com/@babel/helper-validator-identifier/-/helper-validator-identifier-7.14.5.tgz#d0f0e277c512e0c938277faa85a3968c9a44c0e8"
  integrity sha512-5lsetuxCLilmVGyiLEfoHBRX8UCFD+1m2x3Rj97WrW3V7H3u4RWRXA4evMjImCsin2J2YT0QaVDGf+z8ondbAg==

"@babel/highlight@^7.14.5":
  version "7.14.5"
  resolved "https://registry.yarnpkg.com/@babel/highlight/-/highlight-7.14.5.tgz#6861a52f03966405001f6aa534a01a24d99e8cd9"
  integrity sha512-qf9u2WFWVV0MppaL877j2dBtQIDgmidgjGk5VIMw3OadXvYaXn66U1BFlH2t4+t3i+8PhedppRv+i40ABzd+gg==
  dependencies:
    "@babel/helper-validator-identifier" "^7.14.5"
    chalk "^2.0.0"
    js-tokens "^4.0.0"

"@jest/types@^27.0.6":
  version "27.0.6"
  resolved "https://registry.yarnpkg.com/@jest/types/-/types-27.0.6.tgz#9a992bc517e0c49f035938b8549719c2de40706b"
  integrity sha512-aSquT1qa9Pik26JK5/3rvnYb4bGtm1VFNesHKmNTwmPIgOrixvhL2ghIvFRNEpzy3gU+rUgjIF/KodbkFAl++g==
  dependencies:
    "@types/istanbul-lib-coverage" "^2.0.0"
    "@types/istanbul-reports" "^3.0.0"
    "@types/node" "*"
    "@types/yargs" "^16.0.0"
    chalk "^4.0.0"

"@types/dateformat@^3.0.1":
  version "3.0.1"
  resolved "https://registry.yarnpkg.com/@types/dateformat/-/dateformat-3.0.1.tgz#98d747a2e5e9a56070c6bf14e27bff56204e34cc"
  integrity sha512-KlPPdikagvL6ELjWsljbyDIPzNCeliYkqRpI+zea99vBBbCIA5JNshZAwQKTON139c87y9qvTFVgkFd14rtS4g==

"@types/istanbul-lib-coverage@*", "@types/istanbul-lib-coverage@^2.0.0":
  version "2.0.3"
  resolved "https://registry.yarnpkg.com/@types/istanbul-lib-coverage/-/istanbul-lib-coverage-2.0.3.tgz#4ba8ddb720221f432e443bd5f9117fd22cfd4762"
  integrity sha512-sz7iLqvVUg1gIedBOvlkxPlc8/uVzyS5OwGz1cKjXzkl3FpL3al0crU8YGU1WoHkxn0Wxbw5tyi6hvzJKNzFsw==

"@types/istanbul-lib-report@*":
  version "3.0.0"
  resolved "https://registry.yarnpkg.com/@types/istanbul-lib-report/-/istanbul-lib-report-3.0.0.tgz#c14c24f18ea8190c118ee7562b7ff99a36552686"
  integrity sha512-plGgXAPfVKFoYfa9NpYDAkseG+g6Jr294RqeqcqDixSbU34MZVJRi/P+7Y8GDpzkEwLaGZZOpKIEmeVZNtKsrg==
  dependencies:
    "@types/istanbul-lib-coverage" "*"

"@types/istanbul-reports@^3.0.0":
  version "3.0.1"
  resolved "https://registry.yarnpkg.com/@types/istanbul-reports/-/istanbul-reports-3.0.1.tgz#9153fe98bba2bd565a63add9436d6f0d7f8468ff"
  integrity sha512-c3mAZEuK0lvBp8tmuL74XRKn1+y2dcwOUpH7x4WrF6gk1GIgiluDRgMYQtw2OFcBvAJWlt6ASU3tSqxp0Uu0Aw==
  dependencies:
    "@types/istanbul-lib-report" "*"

"@types/node@*":
  version "15.12.2"
  resolved "https://registry.yarnpkg.com/@types/node/-/node-15.12.2.tgz#1f2b42c4be7156ff4a6f914b2fb03d05fa84e38d"
  integrity sha512-zjQ69G564OCIWIOHSXyQEEDpdpGl+G348RAKY0XXy9Z5kU9Vzv1GMNnkar/ZJ8dzXB3COzD9Mo9NtRZ4xfgUww==

"@types/stack-utils@^2.0.0":
  version "2.0.0"
  resolved "https://registry.yarnpkg.com/@types/stack-utils/-/stack-utils-2.0.0.tgz#7036640b4e21cc2f259ae826ce843d277dad8cff"
  integrity sha512-RJJrrySY7A8havqpGObOB4W92QXKJo63/jFLLgpvOtsGUqbQZ9Sbgl35KMm1DjC6j7AvmmU2bIno+3IyEaemaw==

"@types/yargs-parser@*":
  version "20.2.0"
  resolved "https://registry.yarnpkg.com/@types/yargs-parser/-/yargs-parser-20.2.0.tgz#dd3e6699ba3237f0348cd085e4698780204842f9"
  integrity sha512-37RSHht+gzzgYeobbG+KWryeAW8J33Nhr69cjTqSYymXVZEN9NbRYWoYlRtDhHKPVT1FyNKwaTPC1NynKZpzRA==

"@types/yargs@^16.0.0":
  version "16.0.3"
  resolved "https://registry.yarnpkg.com/@types/yargs/-/yargs-16.0.3.tgz#4b6d35bb8e680510a7dc2308518a80ee1ef27e01"
  integrity sha512-YlFfTGS+zqCgXuXNV26rOIeETOkXnGQXP/pjjL9P0gO/EP9jTmc7pUBhx+jVEIxpq41RX33GQ7N3DzOSfZoglQ==
  dependencies:
    "@types/yargs-parser" "*"

ansi-regex@^5.0.0:
  version "5.0.0"
  resolved "https://registry.yarnpkg.com/ansi-regex/-/ansi-regex-5.0.0.tgz#388539f55179bf39339c81af30a654d69f87cb75"
  integrity sha512-bY6fj56OUQ0hU1KjFNDQuJFezqKdrAyFdIevADiqrWHwSlbmBNMHp5ak2f40Pm8JTFyM2mqxkG6ngkHO11f/lg==

ansi-styles@^3.2.1:
  version "3.2.1"
  resolved "https://registry.yarnpkg.com/ansi-styles/-/ansi-styles-3.2.1.tgz#41fbb20243e50b12be0f04b8dedbf07520ce841d"
  integrity sha512-VT0ZI6kZRdTh8YyJw3SMbYm/u+NqfsAxEpWO0Pf9sq8/e94WxxOpPKx9FR1FlyCtOVDNOQ+8ntlqFxiRc+r5qA==
  dependencies:
    color-convert "^1.9.0"

ansi-styles@^4.1.0:
  version "4.3.0"
  resolved "https://registry.yarnpkg.com/ansi-styles/-/ansi-styles-4.3.0.tgz#edd803628ae71c04c85ae7a0906edad34b648937"
  integrity sha512-zbB9rCJAT1rbjiVDb2hqKFHNYLxgtk8NURxZ3IZwD3F6NtxbXZQCnnSi1Lkx+IDohdPlFp222wVALIheZJQSEg==
  dependencies:
    color-convert "^2.0.1"

ansi-styles@^5.0.0:
  version "5.2.0"
  resolved "https://registry.yarnpkg.com/ansi-styles/-/ansi-styles-5.2.0.tgz#07449690ad45777d1924ac2abb2fc8895dba836b"
  integrity sha512-Cxwpt2SfTzTtXcfOlzGEee8O+c+MmUgGrNiBcXnuWxuFJHe6a5Hz7qwhwe5OgaSYI0IJvkLqWX1ASG+cJOkEiA==

barecolor@^1.0.1:
  version "1.0.1"
  resolved "https://registry.yarnpkg.com/barecolor/-/barecolor-1.0.1.tgz#1bbbbfc41cedecf74e23fb7d9d054cd8763d92cc"
  integrity sha512-ncJ680U+r1CGBt73L3O6V9GIAPy3hbDmWODEQajwEnDmmzeStvc4UYhapUSxUpS76+MHxyRihzZfwhyl122Zdw==

beartest-js@^3.1.1:
  version "3.1.1"
  resolved "https://registry.yarnpkg.com/beartest-js/-/beartest-js-3.1.1.tgz#32afbb1ec4391e525530373f7fd8aefb39d8d828"
  integrity sha512-qa90GDbsZ7WhDTD19mxE/cJ6PEs4PYxsmuFAxqGtNYo5G4pnC13kh2864SinFlCfGicz+UspRJnEBzQxmbqa0g==
  dependencies:
    barecolor "^1.0.1"
    tiny-glob "^0.2.8"

braces@^3.0.1:
  version "3.0.2"
  resolved "https://registry.yarnpkg.com/braces/-/braces-3.0.2.tgz#3454e1a462ee8d599e236df336cd9ea4f8afe107"
  integrity sha512-b8um+L1RzM3WDSzvhm6gIz1yfTbBt6YTlcEKAvsmqCZZFw46z626lVj9j1yEPW33H5H+lBQpZMP1k8l+78Ha0A==
  dependencies:
    fill-range "^7.0.1"

chalk@^2.0.0:
  version "2.4.2"
  resolved "https://registry.yarnpkg.com/chalk/-/chalk-2.4.2.tgz#cd42541677a54333cf541a49108c1432b44c9424"
  integrity sha512-Mti+f9lpJNcwF4tWV8/OrTTtF1gZi+f8FqlyAdouralcFWFQWF2+NgCHShjkCb+IFBLq9buZwE1xckQU4peSuQ==
  dependencies:
    ansi-styles "^3.2.1"
    escape-string-regexp "^1.0.5"
    supports-color "^5.3.0"

chalk@^4.0.0:
  version "4.1.1"
  resolved "https://registry.yarnpkg.com/chalk/-/chalk-4.1.1.tgz#c80b3fab28bf6371e6863325eee67e618b77e6ad"
  integrity sha512-diHzdDKxcU+bAsUboHLPEDQiw0qEe0qd7SYUn3HgcFlWgbDcfLGswOHYeGrHKzG9z6UYf01d9VFMfZxPM1xZSg==
  dependencies:
    ansi-styles "^4.1.0"
    supports-color "^7.1.0"

color-convert@^1.9.0:
  version "1.9.3"
  resolved "https://registry.yarnpkg.com/color-convert/-/color-convert-1.9.3.tgz#bb71850690e1f136567de629d2d5471deda4c1e8"
  integrity sha512-QfAUtd+vFdAtFQcC8CCyYt1fYWxSqAiK2cSD6zDB8N3cpsEBAvRxp9zOGg6G/SHHJYAT88/az/IuDGALsNVbGg==
  dependencies:
    color-name "1.1.3"

color-convert@^2.0.1:
  version "2.0.1"
  resolved "https://registry.yarnpkg.com/color-convert/-/color-convert-2.0.1.tgz#72d3a68d598c9bdb3af2ad1e84f21d896abd4de3"
  integrity sha512-RRECPsj7iu/xb5oKYcsFHSppFNnsj/52OVTRKb4zP5onXwVF3zVmmToNcOfGC+CRDpfK/U584fMg38ZHCaElKQ==
  dependencies:
    color-name "~1.1.4"

color-name@1.1.3:
  version "1.1.3"
  resolved "https://registry.yarnpkg.com/color-name/-/color-name-1.1.3.tgz#a7d0558bd89c42f795dd42328f740831ca53bc25"
  integrity sha1-p9BVi9icQveV3UIyj3QIMcpTvCU=

color-name@~1.1.4:
  version "1.1.4"
  resolved "https://registry.yarnpkg.com/color-name/-/color-name-1.1.4.tgz#c2a09a87acbde69543de6f63fa3995c826c536a2"
  integrity sha512-dOy+3AuW3a2wNbZHIuMZpTcgjGuLU/uBL/ubcZF9OXbDo8ff4O8yVp5Bf0efS8uEoYo5q4Fx7dY9OgQGXgAsQA==

dateformat@^4.5.1:
  version "4.5.1"
  resolved "https://registry.yarnpkg.com/dateformat/-/dateformat-4.5.1.tgz#c20e7a9ca77d147906b6dc2261a8be0a5bd2173c"
  integrity sha512-OD0TZ+B7yP7ZgpJf5K2DIbj3FZvFvxgFUuaqA/V5zTjAtAAXZ1E8bktHxmAGs4x5b7PflqA9LeQ84Og7wYtF7Q==

diff-sequences@^27.0.6:
  version "27.0.6"
  resolved "https://registry.yarnpkg.com/diff-sequences/-/diff-sequences-27.0.6.tgz#3305cb2e55a033924054695cc66019fd7f8e5723"
  integrity sha512-ag6wfpBFyNXZ0p8pcuIDS//D8H062ZQJ3fzYxjpmeKjnz8W4pekL3AI8VohmyZmsWW2PWaHgjsmqR6L13101VQ==

escape-string-regexp@^1.0.5:
  version "1.0.5"
  resolved "https://registry.yarnpkg.com/escape-string-regexp/-/escape-string-regexp-1.0.5.tgz#1b61c0562190a8dff6ae3bb2cf0200ca130b86d4"
  integrity sha1-G2HAViGQqN/2rjuyzwIAyhMLhtQ=

escape-string-regexp@^2.0.0:
  version "2.0.0"
  resolved "https://registry.yarnpkg.com/escape-string-regexp/-/escape-string-regexp-2.0.0.tgz#a30304e99daa32e23b2fd20f51babd07cffca344"
  integrity sha512-UpzcLCXolUWcNu5HtVMHYdXJjArjsF9C0aNnquZYY4uW/Vu0miy5YoWvbV345HauVvcAUnpRuhMMcqTcGOY2+w==

expect@^27.0.6:
  version "27.0.6"
  resolved "https://registry.yarnpkg.com/expect/-/expect-27.0.6.tgz#a4d74fbe27222c718fff68ef49d78e26a8fd4c05"
  integrity sha512-psNLt8j2kwg42jGBDSfAlU49CEZxejN1f1PlANWDZqIhBOVU/c2Pm888FcjWJzFewhIsNWfZJeLjUjtKGiPuSw==
  dependencies:
    "@jest/types" "^27.0.6"
    ansi-styles "^5.0.0"
    jest-get-type "^27.0.6"
    jest-matcher-utils "^27.0.6"
    jest-message-util "^27.0.6"
    jest-regex-util "^27.0.6"

fill-range@^7.0.1:
  version "7.0.1"
  resolved "https://registry.yarnpkg.com/fill-range/-/fill-range-7.0.1.tgz#1919a6a7c75fe38b2c7c77e5198535da9acdda40"
  integrity sha512-qOo9F+dMUmC2Lcb4BbVvnKJxTPjCm+RRpe4gDuGrzkL7mEVl/djYSu2OdQ2Pa302N4oqkSg9ir6jaLWJ2USVpQ==
  dependencies:
    to-regex-range "^5.0.1"

globalyzer@0.1.0:
  version "0.1.0"
  resolved "https://registry.yarnpkg.com/globalyzer/-/globalyzer-0.1.0.tgz#cb76da79555669a1519d5a8edf093afaa0bf1465"
  integrity sha512-40oNTM9UfG6aBmuKxk/giHn5nQ8RVz/SS4Ir6zgzOv9/qC3kKZ9v4etGTcJbEl/NyVQH7FGU7d+X1egr57Md2Q==

globrex@^0.1.2:
  version "0.1.2"
  resolved "https://registry.yarnpkg.com/globrex/-/globrex-0.1.2.tgz#dd5d9ec826232730cd6793a5e33a9302985e6098"
  integrity sha512-uHJgbwAMwNFf5mLst7IWLNg14x1CkeqglJb/K3doi4dw6q2IvAAmM/Y81kevy83wP+Sst+nutFTYOGg3d1lsxg==

graceful-fs@^4.2.4:
  version "4.2.6"
  resolved "https://registry.yarnpkg.com/graceful-fs/-/graceful-fs-4.2.6.tgz#ff040b2b0853b23c3d31027523706f1885d76bee"
  integrity sha512-nTnJ528pbqxYanhpDYsi4Rd8MAeaBA67+RZ10CM1m3bTAVFEDcd5AuA4a6W5YkGZ1iNXHzZz8T6TBKLeBuNriQ==

has-flag@^3.0.0:
  version "3.0.0"
  resolved "https://registry.yarnpkg.com/has-flag/-/has-flag-3.0.0.tgz#b5d454dc2199ae225699f3467e5a07f3b955bafd"
  integrity sha1-tdRU3CGZriJWmfNGfloH87lVuv0=

has-flag@^4.0.0:
  version "4.0.0"
  resolved "https://registry.yarnpkg.com/has-flag/-/has-flag-4.0.0.tgz#944771fd9c81c81265c4d6941860da06bb59479b"
  integrity sha512-EykJT/Q1KjTWctppgIAgfSO0tKVuZUjhgMr17kqTumMl6Afv3EISleU7qZUzoXDFTAHTDC4NOoG/ZxU3EvlMPQ==

is-number@^7.0.0:
  version "7.0.0"
  resolved "https://registry.yarnpkg.com/is-number/-/is-number-7.0.0.tgz#7535345b896734d5f80c4d06c50955527a14f12b"
  integrity sha512-41Cifkg6e8TylSpdtTpeLVMqvSBEVzTttHvERD741+pnZ8ANv0004MRL43QKPDlK9cGvNp6NZWZUBlbGXYxxng==

jest-diff@^27.0.6:
  version "27.0.6"
  resolved "https://registry.yarnpkg.com/jest-diff/-/jest-diff-27.0.6.tgz#4a7a19ee6f04ad70e0e3388f35829394a44c7b5e"
  integrity sha512-Z1mqgkTCSYaFgwTlP/NUiRzdqgxmmhzHY1Tq17zL94morOHfHu3K4bgSgl+CR4GLhpV8VxkuOYuIWnQ9LnFqmg==
  dependencies:
    chalk "^4.0.0"
    diff-sequences "^27.0.6"
    jest-get-type "^27.0.6"
    pretty-format "^27.0.6"

jest-get-type@^27.0.6:
  version "27.0.6"
  resolved "https://registry.yarnpkg.com/jest-get-type/-/jest-get-type-27.0.6.tgz#0eb5c7f755854279ce9b68a9f1a4122f69047cfe"
  integrity sha512-XTkK5exIeUbbveehcSR8w0bhH+c0yloW/Wpl+9vZrjzztCPWrxhHwkIFpZzCt71oRBsgxmuUfxEqOYoZI2macg==

jest-matcher-utils@^27.0.6:
  version "27.0.6"
  resolved "https://registry.yarnpkg.com/jest-matcher-utils/-/jest-matcher-utils-27.0.6.tgz#2a8da1e86c620b39459f4352eaa255f0d43e39a9"
  integrity sha512-OFgF2VCQx9vdPSYTHWJ9MzFCehs20TsyFi6bIHbk5V1u52zJOnvF0Y/65z3GLZHKRuTgVPY4Z6LVePNahaQ+tA==
  dependencies:
    chalk "^4.0.0"
    jest-diff "^27.0.6"
    jest-get-type "^27.0.6"
    pretty-format "^27.0.6"

jest-message-util@^27.0.6:
  version "27.0.6"
  resolved "https://registry.yarnpkg.com/jest-message-util/-/jest-message-util-27.0.6.tgz#158bcdf4785706492d164a39abca6a14da5ab8b5"
  integrity sha512-rBxIs2XK7rGy+zGxgi+UJKP6WqQ+KrBbD1YMj517HYN3v2BG66t3Xan3FWqYHKZwjdB700KiAJ+iES9a0M+ixw==
  dependencies:
    "@babel/code-frame" "^7.12.13"
    "@jest/types" "^27.0.6"
    "@types/stack-utils" "^2.0.0"
    chalk "^4.0.0"
    graceful-fs "^4.2.4"
    micromatch "^4.0.4"
    pretty-format "^27.0.6"
    slash "^3.0.0"
    stack-utils "^2.0.3"

jest-regex-util@^27.0.6:
  version "27.0.6"
  resolved "https://registry.yarnpkg.com/jest-regex-util/-/jest-regex-util-27.0.6.tgz#02e112082935ae949ce5d13b2675db3d8c87d9c5"
  integrity sha512-SUhPzBsGa1IKm8hx2F4NfTGGp+r7BXJ4CulsZ1k2kI+mGLG+lxGrs76veN2LF/aUdGosJBzKgXmNCw+BzFqBDQ==

js-tokens@^4.0.0:
  version "4.0.0"
  resolved "https://registry.yarnpkg.com/js-tokens/-/js-tokens-4.0.0.tgz#19203fb59991df98e3a287050d4647cdeaf32499"
  integrity sha512-RdJUflcE3cUzKiMqQgsCu06FPu9UdIJO0beYbPhHN4k6apgJtifcoCtT9bcxOpYBtpD2kCM6Sbzg4CausW/PKQ==

micromatch@^4.0.4:
  version "4.0.4"
  resolved "https://registry.yarnpkg.com/micromatch/-/micromatch-4.0.4.tgz#896d519dfe9db25fce94ceb7a500919bf881ebf9"
  integrity sha512-pRmzw/XUcwXGpD9aI9q/0XOwLNygjETJ8y0ao0wdqprrzDa4YnxLcz7fQRZr8voh8V10kGhABbNcHVk5wHgWwg==
  dependencies:
    braces "^3.0.1"
    picomatch "^2.2.3"

picomatch@^2.2.3:
  version "2.3.0"
  resolved "https://registry.yarnpkg.com/picomatch/-/picomatch-2.3.0.tgz#f1f061de8f6a4bf022892e2d128234fb98302972"
  integrity sha512-lY1Q/PiJGC2zOv/z391WOTD+Z02bCgsFfvxoXXf6h7kv9o+WmsmzYqrAwY63sNgOxE4xEdq0WyUnXfKeBrSvYw==

prettier@^2.3.2:
  version "2.3.2"
  resolved "https://registry.yarnpkg.com/prettier/-/prettier-2.3.2.tgz#ef280a05ec253712e486233db5c6f23441e7342d"
  integrity sha512-lnJzDfJ66zkMy58OL5/NY5zp70S7Nz6KqcKkXYzn2tMVrNxvbqaBpg7H3qHaLxCJ5lNMsGuM8+ohS7cZrthdLQ==

pretty-format@^27.0.6:
  version "27.0.6"
  resolved "https://registry.yarnpkg.com/pretty-format/-/pretty-format-27.0.6.tgz#ab770c47b2c6f893a21aefc57b75da63ef49a11f"
  integrity sha512-8tGD7gBIENgzqA+UBzObyWqQ5B778VIFZA/S66cclyd5YkFLYs2Js7gxDKf0MXtTc9zcS7t1xhdfcElJ3YIvkQ==
  dependencies:
    "@jest/types" "^27.0.6"
    ansi-regex "^5.0.0"
    ansi-styles "^5.0.0"
    react-is "^17.0.1"

react-is@^17.0.1:
  version "17.0.2"
  resolved "https://registry.yarnpkg.com/react-is/-/react-is-17.0.2.tgz#e691d4a8e9c789365655539ab372762b0efb54f0"
  integrity sha512-w2GsyukL62IJnlaff/nRegPQR94C/XXamvMWmSHRJ4y7Ts/4ocGRmTHvOs8PSE6pB3dWOrD/nueuU5sduBsQ4w==

slash@^3.0.0:
  version "3.0.0"
  resolved "https://registry.yarnpkg.com/slash/-/slash-3.0.0.tgz#6539be870c165adbd5240220dbe361f1bc4d4634"
  integrity sha512-g9Q1haeby36OSStwb4ntCGGGaKsaVSjQ68fBxoQcutl5fS1vuY18H3wSt3jFyFtrkx+Kz0V1G85A4MyAdDMi2Q==

stack-utils@^2.0.3:
  version "2.0.3"
  resolved "https://registry.yarnpkg.com/stack-utils/-/stack-utils-2.0.3.tgz#cd5f030126ff116b78ccb3c027fe302713b61277"
  integrity sha512-gL//fkxfWUsIlFL2Tl42Cl6+HFALEaB1FU76I/Fy+oZjRreP7OPMXFlGbxM7NQsI0ZpUfw76sHnv0WNYuTb7Iw==
  dependencies:
    escape-string-regexp "^2.0.0"

supports-color@^5.3.0:
  version "5.5.0"
  resolved "https://registry.yarnpkg.com/supports-color/-/supports-color-5.5.0.tgz#e2e69a44ac8772f78a1ec0b35b689df6530efc8f"
  integrity sha512-QjVjwdXIt408MIiAqCX4oUKsgU2EqAGzs2Ppkm4aQYbjm+ZEWEcW4SfFNTr4uMNZma0ey4f5lgLrkB0aX0QMow==
  dependencies:
    has-flag "^3.0.0"

supports-color@^7.1.0:
  version "7.2.0"
  resolved "https://registry.yarnpkg.com/supports-color/-/supports-color-7.2.0.tgz#1b7dcdcb32b8138801b3e478ba6a51caa89648da"
  integrity sha512-qpCAvRl9stuOHveKsn7HncJRvv501qIacKzQlO/+Lwxc9+0q2wLyv4Dfvt80/DPn2pqOBsJdDiogXGR9+OvwRw==
  dependencies:
    has-flag "^4.0.0"

tiny-glob@^0.2.8:
  version "0.2.9"
  resolved "https://registry.yarnpkg.com/tiny-glob/-/tiny-glob-0.2.9.tgz#2212d441ac17928033b110f8b3640683129d31e2"
  integrity sha512-g/55ssRPUjShh+xkfx9UPDXqhckHEsHr4Vd9zX55oSdGZc/MD0m3sferOkwWtp98bv+kcVfEHtRJgBVJzelrzg==
  dependencies:
    globalyzer "0.1.0"
    globrex "^0.1.2"

to-regex-range@^5.0.1:
  version "5.0.1"
  resolved "https://registry.yarnpkg.com/to-regex-range/-/to-regex-range-5.0.1.tgz#1648c44aae7c8d988a326018ed72f5b4dd0392e4"
  integrity sha512-65P7iz6X5yEr1cwcgvQxbbIw7Uk3gOy5dIdtZ4rDveLqhrdJP+Li/Hx6tyK0NEb+2GCyneCMJiGqrADCSNk8sQ==
  dependencies:
    is-number "^7.0.0"

typescript@^4.3.2:
  version "4.3.2"
  resolved "https://registry.yarnpkg.com/typescript/-/typescript-4.3.2.tgz#399ab18aac45802d6f2498de5054fcbbe716a805"
  integrity sha512-zZ4hShnmnoVnAHpVHWpTcxdv7dWP60S2FsydQLV8V5PbS3FifjWFFRiHSWpDJahly88PRyV5teTSLoq4eG7mKw==
